{
  "pins" : [
    {
      "identity" : "spinner",
      "kind" : "remoteSourceControl",
      "location" : "https://github.com/PangurBan042/Spinner.git",
      "state" : {
        "branch" : "main",
        "revision" : "cb8d2c2e8c24d5b5d0bae75ecb5eebe7f215dd7e"
      }
    }
  ],
  "version" : 2
}
