{
  "originHash" : "93057b8a3d0f3f24583b4c1ba72003ee15e510a6ee71151d28a07a8eb7e3e966",
  "pins" : [
    {
      "identity" : "spinner",
      "kind" : "remoteSourceControl",
      "location" : "https://github.com/PangurBan042/Spinner.git",
      "state" : {
        "branch" : "main",
        "revision" : "de2ee8347da06f8284fb1f0e0ea814248a380b44"
      }
    }
  ],
  "version" : 3
}
