{
  "pins" : [
    {
      "identity" : "spinner",
      "kind" : "remoteSourceControl",
      "location" : "https://github.com/PangurBan042/Spinner.git",
      "state" : {
        "branch" : "main",
        "revision" : "d89f540af0576844587a3a6d1a0ea6c389b45296"
      }
    }
  ],
  "version" : 2
}
